
Microsoft Visual Studio Solution File, Format Version 12.00
# Visual Studio 15
Project("{FAE04EC0-301F-11D3-BF4B-00C04F79EFBC}") = "Assembly-CSharp", "Assembly-CSharp.csproj", "{2FE83ED6-8174-68AB-517C-306B54D72CEB}"
EndProject
Project("{FAE04EC0-301F-11D3-BF4B-00C04F79EFBC}") = "Assembly-CSharp-Editor", "Assembly-CSharp-Editor.csproj", "{FD32CA7B-E52A-9658-FDB3-29860C6149F8}"
EndProject
Global
	GlobalSection(SolutionConfigurationPlatforms) = preSolution
		Debug|Any CPU = Debug|Any CPU
		Release|Any CPU = Release|Any CPU
	EndGlobalSection
	GlobalSection(ProjectConfigurationPlatforms) = postSolution
		{2FE83ED6-8174-68AB-517C-306B54D72CEB}.Debug|Any CPU.ActiveCfg = Debug|Any CPU
		{2FE83ED6-8174-68AB-517C-306B54D72CEB}.Debug|Any CPU.Build.0 = Debug|Any CPU
		{2FE83ED6-8174-68AB-517C-306B54D72CEB}.Release|Any CPU.ActiveCfg = Release|Any CPU
		{2FE83ED6-8174-68AB-517C-306B54D72CEB}.Release|Any CPU.Build.0 = Release|Any CPU
		{FD32CA7B-E52A-9658-FDB3-29860C6149F8}.Debug|Any CPU.ActiveCfg = Debug|Any CPU
		{FD32CA7B-E52A-9658-FDB3-29860C6149F8}.Debug|Any CPU.Build.0 = Debug|Any CPU
		{FD32CA7B-E52A-9658-FDB3-29860C6149F8}.Release|Any CPU.ActiveCfg = Release|Any CPU
		{FD32CA7B-E52A-9658-FDB3-29860C6149F8}.Release|Any CPU.Build.0 = Release|Any CPU
	EndGlobalSection
	GlobalSection(SolutionProperties) = preSolution
		HideSolutionNode = FALSE
	EndGlobalSection
EndGlobal
